// !$*UTF8*$!
{
	archiveVersion = 1;
	classes = {
	};
	objectVersion = 56;
	objects = {

/* Begin PBXBuildFile section */
		2E8684AE2A70D1C700E58E49 /* WeightRecordApp.swift in Sources */ = {isa = PBXBuildFile; fileRef = 2E8684AD2A70D1C700E58E49 /* WeightRecordApp.swift */; };
		2E8684B02A70D1C700E58E49 /* ContentView.swift in Sources */ = {isa = PBXBuildFile; fileRef = 2E8684AF2A70D1C700E58E49 /* ContentView.swift */; };
		2E8684B22A70D1C800E58E49 /* Assets.xcassets in Resources */ = {isa = PBXBuildFile; fileRef = 2E8684B12A70D1C800E58E49 /* Assets.xcassets */; };
		2E8684B52A70D1C800E58E49 /* Preview Assets.xcassets in Resources */ = {isa = PBXBuildFile; fileRef = 2E8684B42A70D1C800E58E49 /* Preview Assets.xcassets */; };
		2E8684C02A70DF4E00E58E49 /* WeightReocrd.swift in Sources */ = {isa = PBXBuildFile; fileRef = 2E8684BF2A70DF4E00E58E49 /* WeightReocrd.swift */; };
		2E8684C42A70EACD00E58E49 /* RecordChart.swift in Sources */ = {isa = PBXBuildFile; fileRef = 2E8684C32A70EACD00E58E49 /* RecordChart.swift */; };
		2E8684C62A7105DB00E58E49 /* TestData.swift in Sources */ = {isa = PBXBuildFile; fileRef = 2E8684C52A7105DB00E58E49 /* TestData.swift */; };
		2E8684CB2A72210B00E58E49 /* RecordRow.swift in Sources */ = {isa = PBXBuildFile; fileRef = 2E8684CA2A72210B00E58E49 /* RecordRow.swift */; };
		2E8684CF2A72980A00E58E49 /* RecordList.swift in Sources */ = {isa = PBXBuildFile; fileRef = 2E8684CE2A72980A00E58E49 /* RecordList.swift */; };
		2E8684D32A735F5700E58E49 /* RecordDisplay.swift in Sources */ = {isa = PBXBuildFile; fileRef = 2E8684D22A735F5700E58E49 /* RecordDisplay.swift */; };
		2E8684DC2A73C95B00E58E49 /* Profile.swift in Sources */ = {isa = PBXBuildFile; fileRef = 2E8684DB2A73C95B00E58E49 /* Profile.swift */; };
		2E8684DE2A73F77400E58E49 /* ProfileHost.swift in Sources */ = {isa = PBXBuildFile; fileRef = 2E8684DD2A73F77400E58E49 /* ProfileHost.swift */; };
		2E8684E02A76493700E58E49 /* ProfileSummary.swift in Sources */ = {isa = PBXBuildFile; fileRef = 2E8684DF2A76493700E58E49 /* ProfileSummary.swift */; };
		2E8684E22A7660B800E58E49 /* ProfileEditor.swift in Sources */ = {isa = PBXBuildFile; fileRef = 2E8684E12A7660B800E58E49 /* ProfileEditor.swift */; };
/* End PBXBuildFile section */

/* Begin PBXFileReference section */
		2E8684AA2A70D1C700E58E49 /* WeightRecord.app */ = {isa = PBXFileReference; explicitFileType = wrapper.application; includeInIndex = 0; path = WeightRecord.app; sourceTree = BUILT_PRODUCTS_DIR; };
		2E8684AD2A70D1C700E58E49 /* WeightRecordApp.swift */ = {isa = PBXFileReference; lastKnownFileType = sourcecode.swift; path = WeightRecordApp.swift; sourceTree = "<group>"; };
		2E8684AF2A70D1C700E58E49 /* ContentView.swift */ = {isa = PBXFileReference; lastKnownFileType = sourcecode.swift; path = ContentView.swift; sourceTree = "<group>"; };
		2E8684B12A70D1C800E58E49 /* Assets.xcassets */ = {isa = PBXFileReference; lastKnownFileType = folder.assetcatalog; path = Assets.xcassets; sourceTree = "<group>"; };
		2E8684B42A70D1C800E58E49 /* Preview Assets.xcassets */ = {isa = PBXFileReference; lastKnownFileType = folder.assetcatalog; path = "Preview Assets.xcassets"; sourceTree = "<group>"; };
		2E8684BF2A70DF4E00E58E49 /* WeightReocrd.swift */ = {isa = PBXFileReference; lastKnownFileType = sourcecode.swift; path = WeightReocrd.swift; sourceTree = "<group>"; };
		2E8684C32A70EACD00E58E49 /* RecordChart.swift */ = {isa = PBXFileReference; lastKnownFileType = sourcecode.swift; path = RecordChart.swift; sourceTree = "<group>"; };
		2E8684C52A7105DB00E58E49 /* TestData.swift */ = {isa = PBXFileReference; lastKnownFileType = sourcecode.swift; path = TestData.swift; sourceTree = "<group>"; };
		2E8684CA2A72210B00E58E49 /* RecordRow.swift */ = {isa = PBXFileReference; lastKnownFileType = sourcecode.swift; path = RecordRow.swift; sourceTree = "<group>"; };
		2E8684CE2A72980A00E58E49 /* RecordList.swift */ = {isa = PBXFileReference; lastKnownFileType = sourcecode.swift; path = RecordList.swift; sourceTree = "<group>"; };
		2E8684D22A735F5700E58E49 /* RecordDisplay.swift */ = {isa = PBXFileReference; lastKnownFileType = sourcecode.swift; path = RecordDisplay.swift; sourceTree = "<group>"; };
		2E8684DB2A73C95B00E58E49 /* Profile.swift */ = {isa = PBXFileReference; fileEncoding = 4; lastKnownFileType = sourcecode.swift; path = Profile.swift; sourceTree = "<group>"; };
		2E8684DD2A73F77400E58E49 /* ProfileHost.swift */ = {isa = PBXFileReference; lastKnownFileType = sourcecode.swift; path = ProfileHost.swift; sourceTree = "<group>"; };
		2E8684DF2A76493700E58E49 /* ProfileSummary.swift */ = {isa = PBXFileReference; lastKnownFileType = sourcecode.swift; path = ProfileSummary.swift; sourceTree = "<group>"; };
		2E8684E12A7660B800E58E49 /* ProfileEditor.swift */ = {isa = PBXFileReference; lastKnownFileType = sourcecode.swift; path = ProfileEditor.swift; sourceTree = "<group>"; };
/* End PBXFileReference section */

/* Begin PBXFrameworksBuildPhase section */
		2E8684A72A70D1C700E58E49 /* Frameworks */ = {
			isa = PBXFrameworksBuildPhase;
			buildActionMask = 2147483647;
			files = (
			);
			runOnlyForDeploymentPostprocessing = 0;
		};
/* End PBXFrameworksBuildPhase section */

/* Begin PBXGroup section */
		2E8684A12A70D1C700E58E49 = {
			isa = PBXGroup;
			children = (
				2E8684AC2A70D1C700E58E49 /* WeightRecord */,
				2E8684AB2A70D1C700E58E49 /* Products */,
			);
			sourceTree = "<group>";
		};
		2E8684AB2A70D1C700E58E49 /* Products */ = {
			isa = PBXGroup;
			children = (
				2E8684AA2A70D1C700E58E49 /* WeightRecord.app */,
			);
			name = Products;
			sourceTree = "<group>";
		};
		2E8684AC2A70D1C700E58E49 /* WeightRecord */ = {
			isa = PBXGroup;
			children = (
				2E8684AD2A70D1C700E58E49 /* WeightRecordApp.swift */,
				2E8684BE2A70DF1600E58E49 /* Model */,
				2E8684C12A70E21B00E58E49 /* Views */,
				2E8684B12A70D1C800E58E49 /* Assets.xcassets */,
				2E8684B32A70D1C800E58E49 /* Preview Content */,
			);
			path = WeightRecord;
			sourceTree = "<group>";
		};
		2E8684B32A70D1C800E58E49 /* Preview Content */ = {
			isa = PBXGroup;
			children = (
				2E8684B42A70D1C800E58E49 /* Preview Assets.xcassets */,
			);
			path = "Preview Content";
			sourceTree = "<group>";
		};
		2E8684BE2A70DF1600E58E49 /* Model */ = {
			isa = PBXGroup;
			children = (
				2E8684DB2A73C95B00E58E49 /* Profile.swift */,
				2E8684BF2A70DF4E00E58E49 /* WeightReocrd.swift */,
				2E8684C52A7105DB00E58E49 /* TestData.swift */,
			);
			path = Model;
			sourceTree = "<group>";
		};
		2E8684C12A70E21B00E58E49 /* Views */ = {
			isa = PBXGroup;
			children = (
				2E8684AF2A70D1C700E58E49 /* ContentView.swift */,
				2E8684C72A721FB800E58E49 /* Records */,
				2E8684D42A73C78400E58E49 /* Profiles */,
			);
			path = Views;
			sourceTree = "<group>";
		};
		2E8684C72A721FB800E58E49 /* Records */ = {
			isa = PBXGroup;
			children = (
				2E8684D22A735F5700E58E49 /* RecordDisplay.swift */,
				2E8684C32A70EACD00E58E49 /* RecordChart.swift */,
				2E8684CE2A72980A00E58E49 /* RecordList.swift */,
				2E8684CA2A72210B00E58E49 /* RecordRow.swift */,
			);
			path = Records;
			sourceTree = "<group>";
		};
		2E8684D42A73C78400E58E49 /* Profiles */ = {
			isa = PBXGroup;
			children = (
				2E8684DD2A73F77400E58E49 /* ProfileHost.swift */,
				2E8684DF2A76493700E58E49 /* ProfileSummary.swift */,
				2E8684E12A7660B800E58E49 /* ProfileEditor.swift */,
			);
			path = Profiles;
			sourceTree = "<group>";
		};
/* End PBXGroup section */

/* Begin PBXNativeTarget section */
		2E8684A92A70D1C700E58E49 /* WeightRecord */ = {
			isa = PBXNativeTarget;
			buildConfigurationList = 2E8684B82A70D1C800E58E49 /* Build configuration list for PBXNativeTarget "WeightRecord" */;
			buildPhases = (
				2E8684A62A70D1C700E58E49 /* Sources */,
				2E8684A72A70D1C700E58E49 /* Frameworks */,
				2E8684A82A70D1C700E58E49 /* Resources */,
			);
			buildRules = (
			);
			dependencies = (
			);
			name = WeightRecord;
			productName = WeightRecord;
			productReference = 2E8684AA2A70D1C700E58E49 /* WeightRecord.app */;
			productType = "com.apple.product-type.application";
		};
/* End PBXNativeTarget section */

/* Begin PBXProject section */
		2E8684A22A70D1C700E58E49 /* Project object */ = {
			isa = PBXProject;
			attributes = {
				BuildIndependentTargetsInParallel = 1;
				LastSwiftUpdateCheck = 1430;
				LastUpgradeCheck = 1430;
				TargetAttributes = {
					2E8684A92A70D1C700E58E49 = {
						CreatedOnToolsVersion = 14.3;
					};
				};
			};
			buildConfigurationList = 2E8684A52A70D1C700E58E49 /* Build configuration list for PBXProject "WeightRecord" */;
			compatibilityVersion = "Xcode 14.0";
			developmentRegion = en;
			hasScannedForEncodings = 0;
			knownRegions = (
				en,
				Base,
			);
			mainGroup = 2E8684A12A70D1C700E58E49;
			productRefGroup = 2E8684AB2A70D1C700E58E49 /* Products */;
			projectDirPath = "";
			projectRoot = "";
			targets = (
				2E8684A92A70D1C700E58E49 /* WeightRecord */,
			);
		};
/* End PBXProject section */

/* Begin PBXResourcesBuildPhase section */
		2E8684A82A70D1C700E58E49 /* Resources */ = {
			isa = PBXResourcesBuildPhase;
			buildActionMask = 2147483647;
			files = (
				2E8684B52A70D1C800E58E49 /* Preview Assets.xcassets in Resources */,
				2E8684B22A70D1C800E58E49 /* Assets.xcassets in Resources */,
			);
			runOnlyForDeploymentPostprocessing = 0;
		};
/* End PBXResourcesBuildPhase section */

/* Begin PBXSourcesBuildPhase section */
		2E8684A62A70D1C700E58E49 /* Sources */ = {
			isa = PBXSourcesBuildPhase;
			buildActionMask = 2147483647;
			files = (
				2E8684C02A70DF4E00E58E49 /* WeightReocrd.swift in Sources */,
				2E8684DC2A73C95B00E58E49 /* Profile.swift in Sources */,
				2E8684E22A7660B800E58E49 /* ProfileEditor.swift in Sources */,
				2E8684B02A70D1C700E58E49 /* ContentView.swift in Sources */,
				2E8684DE2A73F77400E58E49 /* ProfileHost.swift in Sources */,
				2E8684AE2A70D1C700E58E49 /* WeightRecordApp.swift in Sources */,
				2E8684D32A735F5700E58E49 /* RecordDisplay.swift in Sources */,
				2E8684C62A7105DB00E58E49 /* TestData.swift in Sources */,
				2E8684C42A70EACD00E58E49 /* RecordChart.swift in Sources */,
				2E8684CB2A72210B00E58E49 /* RecordRow.swift in Sources */,
				2E8684CF2A72980A00E58E49 /* RecordList.swift in Sources */,
				2E8684E02A76493700E58E49 /* ProfileSummary.swift in Sources */,
			);
			runOnlyForDeploymentPostprocessing = 0;
		};
/* End PBXSourcesBuildPhase section */

/* Begin XCBuildConfiguration section */
		2E8684B62A70D1C800E58E49 /* Debug */ = {
			isa = XCBuildConfiguration;
			buildSettings = {
				ALWAYS_SEARCH_USER_PATHS = NO;
				CLANG_ANALYZER_NONNULL = YES;
				CLANG_ANALYZER_NUMBER_OBJECT_CONVERSION = YES_AGGRESSIVE;
				CLANG_CXX_LANGUAGE_STANDARD = "gnu++20";
				CLANG_ENABLE_MODULES = YES;
				CLANG_ENABLE_OBJC_ARC = YES;
				CLANG_ENABLE_OBJC_WEAK = YES;
				CLANG_WARN_BLOCK_CAPTURE_AUTORELEASING = YES;
				CLANG_WARN_BOOL_CONVERSION = YES;
				CLANG_WARN_COMMA = YES;
				CLANG_WARN_CONSTANT_CONVERSION = YES;
				CLANG_WARN_DEPRECATED_OBJC_IMPLEMENTATIONS = YES;
				CLANG_WARN_DIRECT_OBJC_ISA_USAGE = YES_ERROR;
				CLANG_WARN_DOCUMENTATION_COMMENTS = YES;
				CLANG_WARN_EMPTY_BODY = YES;
				CLANG_WARN_ENUM_CONVERSION = YES;
				CLANG_WARN_INFINITE_RECURSION = YES;
				CLANG_WARN_INT_CONVERSION = YES;
				CLANG_WARN_NON_LITERAL_NULL_CONVERSION = YES;
				CLANG_WARN_OBJC_IMPLICIT_RETAIN_SELF = YES;
				CLANG_WARN_OBJC_LITERAL_CONVERSION = YES;
				CLANG_WARN_OBJC_ROOT_CLASS = YES_ERROR;
				CLANG_WARN_QUOTED_INCLUDE_IN_FRAMEWORK_HEADER = YES;
				CLANG_WARN_RANGE_LOOP_ANALYSIS = YES;
				CLANG_WARN_STRICT_PROTOTYPES = YES;
				CLANG_WARN_SUSPICIOUS_MOVE = YES;
				CLANG_WARN_UNGUARDED_AVAILABILITY = YES_AGGRESSIVE;
				CLANG_WARN_UNREACHABLE_CODE = YES;
				CLANG_WARN__DUPLICATE_METHOD_MATCH = YES;
				COPY_PHASE_STRIP = NO;
				DEBUG_INFORMATION_FORMAT = dwarf;
				ENABLE_STRICT_OBJC_MSGSEND = YES;
				ENABLE_TESTABILITY = YES;
				GCC_C_LANGUAGE_STANDARD = gnu11;
				GCC_DYNAMIC_NO_PIC = NO;
				GCC_NO_COMMON_BLOCKS = YES;
				GCC_OPTIMIZATION_LEVEL = 0;
				GCC_PREPROCESSOR_DEFINITIONS = (
					"DEBUG=1",
					"$(inherited)",
				);
				GCC_WARN_64_TO_32_BIT_CONVERSION = YES;
				GCC_WARN_ABOUT_RETURN_TYPE = YES_ERROR;
				GCC_WARN_UNDECLARED_SELECTOR = YES;
				GCC_WARN_UNINITIALIZED_AUTOS = YES_AGGRESSIVE;
				GCC_WARN_UNUSED_FUNCTION = YES;
				GCC_WARN_UNUSED_VARIABLE = YES;
				IPHONEOS_DEPLOYMENT_TARGET = 16.4;
				MTL_ENABLE_DEBUG_INFO = INCLUDE_SOURCE;
				MTL_FAST_MATH = YES;
				ONLY_ACTIVE_ARCH = YES;
				SDKROOT = iphoneos;
				SWIFT_ACTIVE_COMPILATION_CONDITIONS = DEBUG;
				SWIFT_OPTIMIZATION_LEVEL = "-Onone";
			};
			name = Debug;
		};
		2E8684B72A70D1C800E58E49 /* Release */ = {
			isa = XCBuildConfiguration;
			buildSettings = {
				ALWAYS_SEARCH_USER_PATHS = NO;
				CLANG_ANALYZER_NONNULL = YES;
				CLANG_ANALYZER_NUMBER_OBJECT_CONVERSION = YES_AGGRESSIVE;
				CLANG_CXX_LANGUAGE_STANDARD = "gnu++20";
				CLANG_ENABLE_MODULES = YES;
				CLANG_ENABLE_OBJC_ARC = YES;
				CLANG_ENABLE_OBJC_WEAK = YES;
				CLANG_WARN_BLOCK_CAPTURE_AUTORELEASING = YES;
				CLANG_WARN_BOOL_CONVERSION = YES;
				CLANG_WARN_COMMA = YES;
				CLANG_WARN_CONSTANT_CONVERSION = YES;
				CLANG_WARN_DEPRECATED_OBJC_IMPLEMENTATIONS = YES;
				CLANG_WARN_DIRECT_OBJC_ISA_USAGE = YES_ERROR;
				CLANG_WARN_DOCUMENTATION_COMMENTS = YES;
				CLANG_WARN_EMPTY_BODY = YES;
				CLANG_WARN_ENUM_CONVERSION = YES;
				CLANG_WARN_INFINITE_RECURSION = YES;
				CLANG_WARN_INT_CONVERSION = YES;
				CLANG_WARN_NON_LITERAL_NULL_CONVERSION = YES;
				CLANG_WARN_OBJC_IMPLICIT_RETAIN_SELF = YES;
				CLANG_WARN_OBJC_LITERAL_CONVERSION = YES;
				CLANG_WARN_OBJC_ROOT_CLASS = YES_ERROR;
				CLANG_WARN_QUOTED_INCLUDE_IN_FRAMEWORK_HEADER = YES;
				CLANG_WARN_RANGE_LOOP_ANALYSIS = YES;
				CLANG_WARN_STRICT_PROTOTYPES = YES;
				CLANG_WARN_SUSPICIOUS_MOVE = YES;
				CLANG_WARN_UNGUARDED_AVAILABILITY = YES_AGGRESSIVE;
				CLANG_WARN_UNREACHABLE_CODE = YES;
				CLANG_WARN__DUPLICATE_METHOD_MATCH = YES;
				COPY_PHASE_STRIP = NO;
				DEBUG_INFORMATION_FORMAT = "dwarf-with-dsym";
				ENABLE_NS_ASSERTIONS = NO;
				ENABLE_STRICT_OBJC_MSGSEND = YES;
				GCC_C_LANGUAGE_STANDARD = gnu11;
				GCC_NO_COMMON_BLOCKS = YES;
				GCC_WARN_64_TO_32_BIT_CONVERSION = YES;
				GCC_WARN_ABOUT_RETURN_TYPE = YES_ERROR;
				GCC_WARN_UNDECLARED_SELECTOR = YES;
				GCC_WARN_UNINITIALIZED_AUTOS = YES_AGGRESSIVE;
				GCC_WARN_UNUSED_FUNCTION = YES;
				GCC_WARN_UNUSED_VARIABLE = YES;
				IPHONEOS_DEPLOYMENT_TARGET = 16.4;
				MTL_ENABLE_DEBUG_INFO = NO;
				MTL_FAST_MATH = YES;
				SDKROOT = iphoneos;
				SWIFT_COMPILATION_MODE = wholemodule;
				SWIFT_OPTIMIZATION_LEVEL = "-O";
				VALIDATE_PRODUCT = YES;
			};
			name = Release;
		};
		2E8684B92A70D1C800E58E49 /* Debug */ = {
			isa = XCBuildConfiguration;
			buildSettings = {
				ASSETCATALOG_COMPILER_APPICON_NAME = AppIcon;
				ASSETCATALOG_COMPILER_GLOBAL_ACCENT_COLOR_NAME = AccentColor;
				CODE_SIGN_STYLE = Automatic;
				CURRENT_PROJECT_VERSION = 1;
				DEVELOPMENT_ASSET_PATHS = "\"WeightRecord/Preview Content\"";
				ENABLE_PREVIEWS = YES;
				GENERATE_INFOPLIST_FILE = YES;
				INFOPLIST_KEY_UIApplicationSceneManifest_Generation = YES;
				INFOPLIST_KEY_UIApplicationSupportsIndirectInputEvents = YES;
				INFOPLIST_KEY_UILaunchScreen_Generation = YES;
				INFOPLIST_KEY_UISupportedInterfaceOrientations_iPad = "UIInterfaceOrientationPortrait UIInterfaceOrientationPortraitUpsideDown UIInterfaceOrientationLandscapeLeft UIInterfaceOrientationLandscapeRight";
				INFOPLIST_KEY_UISupportedInterfaceOrientations_iPhone = "UIInterfaceOrientationPortrait UIInterfaceOrientationLandscapeLeft UIInterfaceOrientationLandscapeRight";
				LD_RUNPATH_SEARCH_PATHS = (
					"$(inherited)",
					"@executable_path/Frameworks",
				);
				MARKETING_VERSION = 1.0;
				PRODUCT_BUNDLE_IDENTIFIER = rejxcy.WeightRecord;
				PRODUCT_NAME = "$(TARGET_NAME)";
				SWIFT_EMIT_LOC_STRINGS = YES;
				SWIFT_VERSION = 5.0;
				TARGETED_DEVICE_FAMILY = "1,2";
			};
			name = Debug;
		};
		2E8684BA2A70D1C800E58E49 /* Release */ = {
			isa = XCBuildConfiguration;
			buildSettings = {
				ASSETCATALOG_COMPILER_APPICON_NAME = AppIcon;
				ASSETCATALOG_COMPILER_GLOBAL_ACCENT_COLOR_NAME = AccentColor;
				CODE_SIGN_STYLE = Automatic;
				CURRENT_PROJECT_VERSION = 1;
				DEVELOPMENT_ASSET_PATHS = "\"WeightRecord/Preview Content\"";
				ENABLE_PREVIEWS = YES;
				GENERATE_INFOPLIST_FILE = YES;
				INFOPLIST_KEY_UIApplicationSceneManifest_Generation = YES;
				INFOPLIST_KEY_UIApplicationSupportsIndirectInputEvents = YES;
				INFOPLIST_KEY_UILaunchScreen_Generation = YES;
				INFOPLIST_KEY_UISupportedInterfaceOrientations_iPad = "UIInterfaceOrientationPortrait UIInterfaceOrientationPortraitUpsideDown UIInterfaceOrientationLandscapeLeft UIInterfaceOrientationLandscapeRight";
				INFOPLIST_KEY_UISupportedInterfaceOrientations_iPhone = "UIInterfaceOrientationPortrait UIInterfaceOrientationLandscapeLeft UIInterfaceOrientationLandscapeRight";
				LD_RUNPATH_SEARCH_PATHS = (
					"$(inherited)",
					"@executable_path/Frameworks",
				);
				MARKETING_VERSION = 1.0;
				PRODUCT_BUNDLE_IDENTIFIER = rejxcy.WeightRecord;
				PRODUCT_NAME = "$(TARGET_NAME)";
				SWIFT_EMIT_LOC_STRINGS = YES;
				SWIFT_VERSION = 5.0;
				TARGETED_DEVICE_FAMILY = "1,2";
			};
			name = Release;
		};
/* End XCBuildConfiguration section */

/* Begin XCConfigurationList section */
		2E8684A52A70D1C700E58E49 /* Build configuration list for PBXProject "WeightRecord" */ = {
			isa = XCConfigurationList;
			buildConfigurations = (
				2E8684B62A70D1C800E58E49 /* Debug */,
				2E8684B72A70D1C800E58E49 /* Release */,
			);
			defaultConfigurationIsVisible = 0;
			defaultConfigurationName = Release;
		};
		2E8684B82A70D1C800E58E49 /* Build configuration list for PBXNativeTarget "WeightRecord" */ = {
			isa = XCConfigurationList;
			buildConfigurations = (
				2E8684B92A70D1C800E58E49 /* Debug */,
				2E8684BA2A70D1C800E58E49 /* Release */,
			);
			defaultConfigurationIsVisible = 0;
			defaultConfigurationName = Release;
		};
/* End XCConfigurationList section */
	};
	rootObject = 2E8684A22A70D1C700E58E49 /* Project object */;
}
